// !$*UTF8*$!
{
	archiveVersion = 1;
	classes = {
	};
	objectVersion = 50;
	objects = {

/* Begin PBXBuildFile section */
		490708BB21AF020B00C27C38 /* main.cpp in Sources */ = {isa = PBXBuildFile; fileRef = 490708BA21AF020B00C27C38 /* main.cpp */; };
		490708C321AF060200C27C38 /* nnet.cpp in Sources */ = {isa = PBXBuildFile; fileRef = 490708C121AF060200C27C38 /* nnet.cpp */; };
		492088BA21B4465E005EAEFE /* OpenCL.framework in Frameworks */ = {isa = PBXBuildFile; fileRef = 492088B921B4465E005EAEFE /* OpenCL.framework */; settings = {ATTRIBUTES = (Required, ); }; };
		492088C021B45467005EAEFE /* dense.cl in Sources */ = {isa = PBXBuildFile; fileRef = 492088BF21B45467005EAEFE /* dense.cl */; };
		492088C221B45DE2005EAEFE /* opencl_utils.cpp in Sources */ = {isa = PBXBuildFile; fileRef = 492088C121B45DE2005EAEFE /* opencl_utils.cpp */; };
		49B78C8C21BBDA3700335482 /* stacking.cpp in Sources */ = {isa = PBXBuildFile; fileRef = 49B78C8B21BBDA3700335482 /* stacking.cpp */; };
		49B78C8E21BBDC9500335482 /* utils.cpp in Sources */ = {isa = PBXBuildFile; fileRef = 49B78C8D21BBDC9500335482 /* utils.cpp */; };
		49B78C9021BBF32C00335482 /* dense.cpp in Sources */ = {isa = PBXBuildFile; fileRef = 49B78C8F21BBF32C00335482 /* dense.cpp */; };
		49B78C9221BC211C00335482 /* relu.cl in Sources */ = {isa = PBXBuildFile; fileRef = 49B78C9121BC211C00335482 /* relu.cl */; };
		49B78C9421BC219300335482 /* relu.cpp in Sources */ = {isa = PBXBuildFile; fileRef = 49B78C9321BC219300335482 /* relu.cpp */; };
		49B78C9621BC440000335482 /* batchnorm.cpp in Sources */ = {isa = PBXBuildFile; fileRef = 49B78C9521BC440000335482 /* batchnorm.cpp */; };
		49B78C9821BC496000335482 /* batchnorm.cl in Sources */ = {isa = PBXBuildFile; fileRef = 49B78C9721BC496000335482 /* batchnorm.cl */; };
/* End PBXBuildFile section */

/* Begin PBXCopyFilesBuildPhase section */
		490708B521AF020B00C27C38 /* CopyFiles */ = {
			isa = PBXCopyFilesBuildPhase;
			buildActionMask = 2147483647;
			dstPath = /usr/share/man/man1/;
			dstSubfolderSpec = 0;
			files = (
			);
			runOnlyForDeploymentPostprocessing = 1;
		};
/* End PBXCopyFilesBuildPhase section */

/* Begin PBXFileReference section */
		490708B721AF020B00C27C38 /* GMU-XVEC */ = {isa = PBXFileReference; explicitFileType = "compiled.mach-o.executable"; includeInIndex = 0; path = "GMU-XVEC"; sourceTree = BUILT_PRODUCTS_DIR; };
		490708BA21AF020B00C27C38 /* main.cpp */ = {isa = PBXFileReference; lastKnownFileType = sourcecode.cpp.cpp; path = main.cpp; sourceTree = "<group>"; };
		490708C121AF060200C27C38 /* nnet.cpp */ = {isa = PBXFileReference; lastKnownFileType = sourcecode.cpp.cpp; path = nnet.cpp; sourceTree = "<group>"; };
		490708C221AF060200C27C38 /* nnet.hpp */ = {isa = PBXFileReference; lastKnownFileType = sourcecode.cpp.h; path = nnet.hpp; sourceTree = "<group>"; };
		490708C421AF0E1700C27C38 /* utils.hpp */ = {isa = PBXFileReference; lastKnownFileType = sourcecode.cpp.h; path = utils.hpp; sourceTree = "<group>"; };
		492088AA21B2D5DE005EAEFE /* stacking.hpp */ = {isa = PBXFileReference; lastKnownFileType = sourcecode.cpp.h; path = stacking.hpp; sourceTree = "<group>"; };
		492088AF21B2E47B005EAEFE /* dense.hpp */ = {isa = PBXFileReference; lastKnownFileType = sourcecode.cpp.h; path = dense.hpp; sourceTree = "<group>"; };
		492088B021B2E834005EAEFE /* relu.hpp */ = {isa = PBXFileReference; lastKnownFileType = sourcecode.cpp.h; path = relu.hpp; sourceTree = "<group>"; };
		492088B221B2E8F0005EAEFE /* batchnorm.hpp */ = {isa = PBXFileReference; lastKnownFileType = sourcecode.cpp.h; path = batchnorm.hpp; sourceTree = "<group>"; };
		492088B321B2EA63005EAEFE /* statistics_extraction.hpp */ = {isa = PBXFileReference; lastKnownFileType = sourcecode.cpp.h; path = statistics_extraction.hpp; sourceTree = "<group>"; };
		492088B421B2EA77005EAEFE /* statistics_pooling.hpp */ = {isa = PBXFileReference; lastKnownFileType = sourcecode.cpp.h; path = statistics_pooling.hpp; sourceTree = "<group>"; };
		492088B921B4465E005EAEFE /* OpenCL.framework */ = {isa = PBXFileReference; lastKnownFileType = wrapper.framework; name = OpenCL.framework; path = System/Library/Frameworks/OpenCL.framework; sourceTree = SDKROOT; };
		492088BB21B4500F005EAEFE /* opencl_utils.hpp */ = {isa = PBXFileReference; lastKnownFileType = sourcecode.cpp.h; path = opencl_utils.hpp; sourceTree = "<group>"; };
		492088BF21B45467005EAEFE /* dense.cl */ = {isa = PBXFileReference; fileEncoding = 4; lastKnownFileType = sourcecode.opencl; path = dense.cl; sourceTree = "<group>"; };
		492088C121B45DE2005EAEFE /* opencl_utils.cpp */ = {isa = PBXFileReference; lastKnownFileType = sourcecode.cpp.cpp; path = opencl_utils.cpp; sourceTree = "<group>"; };
		49B78C8B21BBDA3700335482 /* stacking.cpp */ = {isa = PBXFileReference; lastKnownFileType = sourcecode.cpp.cpp; path = stacking.cpp; sourceTree = "<group>"; };
		49B78C8D21BBDC9500335482 /* utils.cpp */ = {isa = PBXFileReference; lastKnownFileType = sourcecode.cpp.cpp; path = utils.cpp; sourceTree = "<group>"; };
		49B78C8F21BBF32C00335482 /* dense.cpp */ = {isa = PBXFileReference; lastKnownFileType = sourcecode.cpp.cpp; path = dense.cpp; sourceTree = "<group>"; };
		49B78C9121BC211C00335482 /* relu.cl */ = {isa = PBXFileReference; lastKnownFileType = sourcecode.opencl; path = relu.cl; sourceTree = "<group>"; };
		49B78C9321BC219300335482 /* relu.cpp */ = {isa = PBXFileReference; lastKnownFileType = sourcecode.cpp.cpp; path = relu.cpp; sourceTree = "<group>"; };
		49B78C9521BC440000335482 /* batchnorm.cpp */ = {isa = PBXFileReference; lastKnownFileType = sourcecode.cpp.cpp; path = batchnorm.cpp; sourceTree = "<group>"; };
		49B78C9721BC496000335482 /* batchnorm.cl */ = {isa = PBXFileReference; lastKnownFileType = sourcecode.opencl; path = batchnorm.cl; sourceTree = "<group>"; };
/* End PBXFileReference section */

/* Begin PBXFrameworksBuildPhase section */
		490708B421AF020B00C27C38 /* Frameworks */ = {
			isa = PBXFrameworksBuildPhase;
			buildActionMask = 2147483647;
			files = (
				492088BA21B4465E005EAEFE /* OpenCL.framework in Frameworks */,
			);
			runOnlyForDeploymentPostprocessing = 0;
		};
/* End PBXFrameworksBuildPhase section */

/* Begin PBXGroup section */
		490708AE21AF020A00C27C38 = {
			isa = PBXGroup;
			children = (
				490708B921AF020B00C27C38 /* GMU-XVEC */,
				490708B821AF020B00C27C38 /* Products */,
				492088B821B4465D005EAEFE /* Frameworks */,
			);
			sourceTree = "<group>";
		};
		490708B821AF020B00C27C38 /* Products */ = {
			isa = PBXGroup;
			children = (
				490708B721AF020B00C27C38 /* GMU-XVEC */,
			);
			name = Products;
			sourceTree = "<group>";
		};
		490708B921AF020B00C27C38 /* GMU-XVEC */ = {
			isa = PBXGroup;
			children = (
				492088AE21B2E131005EAEFE /* layers */,
				490708BA21AF020B00C27C38 /* main.cpp */,
				490708C121AF060200C27C38 /* nnet.cpp */,
				490708C221AF060200C27C38 /* nnet.hpp */,
				490708C421AF0E1700C27C38 /* utils.hpp */,
				492088BB21B4500F005EAEFE /* opencl_utils.hpp */,
				492088C121B45DE2005EAEFE /* opencl_utils.cpp */,
				49B78C8D21BBDC9500335482 /* utils.cpp */,
			);
			path = "GMU-XVEC";
			sourceTree = "<group>";
		};
		492088AE21B2E131005EAEFE /* layers */ = {
			isa = PBXGroup;
			children = (
				492088AA21B2D5DE005EAEFE /* stacking.hpp */,
				49B78C8B21BBDA3700335482 /* stacking.cpp */,
				492088AF21B2E47B005EAEFE /* dense.hpp */,
				49B78C8F21BBF32C00335482 /* dense.cpp */,
				492088BF21B45467005EAEFE /* dense.cl */,
				492088B021B2E834005EAEFE /* relu.hpp */,
				49B78C9321BC219300335482 /* relu.cpp */,
				49B78C9121BC211C00335482 /* relu.cl */,
				492088B221B2E8F0005EAEFE /* batchnorm.hpp */,
				49B78C9521BC440000335482 /* batchnorm.cpp */,
				49B78C9721BC496000335482 /* batchnorm.cl */,
				492088B321B2EA63005EAEFE /* statistics_extraction.hpp */,
				492088B421B2EA77005EAEFE /* statistics_pooling.hpp */,
			);
			path = layers;
			sourceTree = "<group>";
		};
		492088B821B4465D005EAEFE /* Frameworks */ = {
			isa = PBXGroup;
			children = (
				492088B921B4465E005EAEFE /* OpenCL.framework */,
			);
			name = Frameworks;
			sourceTree = "<group>";
		};
/* End PBXGroup section */

/* Begin PBXNativeTarget section */
		490708B621AF020B00C27C38 /* GMU-XVEC */ = {
			isa = PBXNativeTarget;
			buildConfigurationList = 490708BE21AF020B00C27C38 /* Build configuration list for PBXNativeTarget "GMU-XVEC" */;
			buildPhases = (
				490708B321AF020B00C27C38 /* Sources */,
				490708B421AF020B00C27C38 /* Frameworks */,
				490708B521AF020B00C27C38 /* CopyFiles */,
			);
			buildRules = (
			);
			dependencies = (
			);
			name = "GMU-XVEC";
			productName = "GMU-XVEC";
			productReference = 490708B721AF020B00C27C38 /* GMU-XVEC */;
			productType = "com.apple.product-type.tool";
		};
/* End PBXNativeTarget section */

/* Begin PBXProject section */
		490708AF21AF020A00C27C38 /* Project object */ = {
			isa = PBXProject;
			attributes = {
				LastUpgradeCheck = 1000;
				ORGANIZATIONNAME = "Jan Profant";
				TargetAttributes = {
					490708B621AF020B00C27C38 = {
						CreatedOnToolsVersion = 10.0;
					};
				};
			};
			buildConfigurationList = 490708B221AF020A00C27C38 /* Build configuration list for PBXProject "GMU-XVEC" */;
			compatibilityVersion = "Xcode 9.3";
			developmentRegion = en;
			hasScannedForEncodings = 0;
			knownRegions = (
				en,
			);
			mainGroup = 490708AE21AF020A00C27C38;
			productRefGroup = 490708B821AF020B00C27C38 /* Products */;
			projectDirPath = "";
			projectRoot = "";
			targets = (
				490708B621AF020B00C27C38 /* GMU-XVEC */,
			);
		};
/* End PBXProject section */

/* Begin PBXSourcesBuildPhase section */
		490708B321AF020B00C27C38 /* Sources */ = {
			isa = PBXSourcesBuildPhase;
			buildActionMask = 2147483647;
			files = (
				49B78C9021BBF32C00335482 /* dense.cpp in Sources */,
				492088C221B45DE2005EAEFE /* opencl_utils.cpp in Sources */,
				49B78C9821BC496000335482 /* batchnorm.cl in Sources */,
				49B78C9421BC219300335482 /* relu.cpp in Sources */,
				492088C021B45467005EAEFE /* dense.cl in Sources */,
				49B78C9621BC440000335482 /* batchnorm.cpp in Sources */,
				49B78C8C21BBDA3700335482 /* stacking.cpp in Sources */,
				49B78C9221BC211C00335482 /* relu.cl in Sources */,
				49B78C8E21BBDC9500335482 /* utils.cpp in Sources */,
				490708C321AF060200C27C38 /* nnet.cpp in Sources */,
				490708BB21AF020B00C27C38 /* main.cpp in Sources */,
			);
			runOnlyForDeploymentPostprocessing = 0;
		};
/* End PBXSourcesBuildPhase section */

/* Begin XCBuildConfiguration section */
		490708BC21AF020B00C27C38 /* Debug */ = {
			isa = XCBuildConfiguration;
			buildSettings = {
				ALWAYS_SEARCH_USER_PATHS = NO;
				CLANG_ANALYZER_NONNULL = YES;
				CLANG_ANALYZER_NUMBER_OBJECT_CONVERSION = YES_AGGRESSIVE;
				CLANG_CXX_LANGUAGE_STANDARD = "gnu++14";
				CLANG_CXX_LIBRARY = "libc++";
				CLANG_ENABLE_MODULES = YES;
				CLANG_ENABLE_OBJC_ARC = YES;
				CLANG_ENABLE_OBJC_WEAK = YES;
				CLANG_WARN_BLOCK_CAPTURE_AUTORELEASING = YES;
				CLANG_WARN_BOOL_CONVERSION = YES;
				CLANG_WARN_COMMA = YES;
				CLANG_WARN_CONSTANT_CONVERSION = YES;
				CLANG_WARN_DEPRECATED_OBJC_IMPLEMENTATIONS = YES;
				CLANG_WARN_DIRECT_OBJC_ISA_USAGE = YES_ERROR;
				CLANG_WARN_DOCUMENTATION_COMMENTS = YES;
				CLANG_WARN_EMPTY_BODY = YES;
				CLANG_WARN_ENUM_CONVERSION = YES;
				CLANG_WARN_INFINITE_RECURSION = YES;
				CLANG_WARN_INT_CONVERSION = YES;
				CLANG_WARN_NON_LITERAL_NULL_CONVERSION = YES;
				CLANG_WARN_OBJC_IMPLICIT_RETAIN_SELF = YES;
				CLANG_WARN_OBJC_LITERAL_CONVERSION = YES;
				CLANG_WARN_OBJC_ROOT_CLASS = YES_ERROR;
				CLANG_WARN_RANGE_LOOP_ANALYSIS = YES;
				CLANG_WARN_STRICT_PROTOTYPES = YES;
				CLANG_WARN_SUSPICIOUS_MOVE = YES;
				CLANG_WARN_UNGUARDED_AVAILABILITY = YES_AGGRESSIVE;
				CLANG_WARN_UNREACHABLE_CODE = YES;
				CLANG_WARN__DUPLICATE_METHOD_MATCH = YES;
				CODE_SIGN_IDENTITY = "-";
				COPY_PHASE_STRIP = NO;
				DEBUG_INFORMATION_FORMAT = dwarf;
				ENABLE_STRICT_OBJC_MSGSEND = YES;
				ENABLE_TESTABILITY = YES;
				GCC_C_LANGUAGE_STANDARD = gnu11;
				GCC_DYNAMIC_NO_PIC = NO;
				GCC_NO_COMMON_BLOCKS = YES;
				GCC_OPTIMIZATION_LEVEL = 0;
				GCC_PREPROCESSOR_DEFINITIONS = (
					"DEBUG=1",
					"$(inherited)",
				);
				GCC_WARN_64_TO_32_BIT_CONVERSION = YES;
				GCC_WARN_ABOUT_RETURN_TYPE = YES_ERROR;
				GCC_WARN_UNDECLARED_SELECTOR = YES;
				GCC_WARN_UNINITIALIZED_AUTOS = YES_AGGRESSIVE;
				GCC_WARN_UNUSED_FUNCTION = YES;
				GCC_WARN_UNUSED_VARIABLE = YES;
				MACOSX_DEPLOYMENT_TARGET = 10.14;
				MTL_ENABLE_DEBUG_INFO = INCLUDE_SOURCE;
				MTL_FAST_MATH = YES;
				ONLY_ACTIVE_ARCH = YES;
				SDKROOT = macosx;
			};
			name = Debug;
		};
		490708BD21AF020B00C27C38 /* Release */ = {
			isa = XCBuildConfiguration;
			buildSettings = {
				ALWAYS_SEARCH_USER_PATHS = NO;
				CLANG_ANALYZER_NONNULL = YES;
				CLANG_ANALYZER_NUMBER_OBJECT_CONVERSION = YES_AGGRESSIVE;
				CLANG_CXX_LANGUAGE_STANDARD = "gnu++14";
				CLANG_CXX_LIBRARY = "libc++";
				CLANG_ENABLE_MODULES = YES;
				CLANG_ENABLE_OBJC_ARC = YES;
				CLANG_ENABLE_OBJC_WEAK = YES;
				CLANG_WARN_BLOCK_CAPTURE_AUTORELEASING = YES;
				CLANG_WARN_BOOL_CONVERSION = YES;
				CLANG_WARN_COMMA = YES;
				CLANG_WARN_CONSTANT_CONVERSION = YES;
				CLANG_WARN_DEPRECATED_OBJC_IMPLEMENTATIONS = YES;
				CLANG_WARN_DIRECT_OBJC_ISA_USAGE = YES_ERROR;
				CLANG_WARN_DOCUMENTATION_COMMENTS = YES;
				CLANG_WARN_EMPTY_BODY = YES;
				CLANG_WARN_ENUM_CONVERSION = YES;
				CLANG_WARN_INFINITE_RECURSION = YES;
				CLANG_WARN_INT_CONVERSION = YES;
				CLANG_WARN_NON_LITERAL_NULL_CONVERSION = YES;
				CLANG_WARN_OBJC_IMPLICIT_RETAIN_SELF = YES;
				CLANG_WARN_OBJC_LITERAL_CONVERSION = YES;
				CLANG_WARN_OBJC_ROOT_CLASS = YES_ERROR;
				CLANG_WARN_RANGE_LOOP_ANALYSIS = YES;
				CLANG_WARN_STRICT_PROTOTYPES = YES;
				CLANG_WARN_SUSPICIOUS_MOVE = YES;
				CLANG_WARN_UNGUARDED_AVAILABILITY = YES_AGGRESSIVE;
				CLANG_WARN_UNREACHABLE_CODE = YES;
				CLANG_WARN__DUPLICATE_METHOD_MATCH = YES;
				CODE_SIGN_IDENTITY = "-";
				COPY_PHASE_STRIP = NO;
				DEBUG_INFORMATION_FORMAT = "dwarf-with-dsym";
				ENABLE_NS_ASSERTIONS = NO;
				ENABLE_STRICT_OBJC_MSGSEND = YES;
				GCC_C_LANGUAGE_STANDARD = gnu11;
				GCC_NO_COMMON_BLOCKS = YES;
				GCC_WARN_64_TO_32_BIT_CONVERSION = YES;
				GCC_WARN_ABOUT_RETURN_TYPE = YES_ERROR;
				GCC_WARN_UNDECLARED_SELECTOR = YES;
				GCC_WARN_UNINITIALIZED_AUTOS = YES_AGGRESSIVE;
				GCC_WARN_UNUSED_FUNCTION = YES;
				GCC_WARN_UNUSED_VARIABLE = YES;
				MACOSX_DEPLOYMENT_TARGET = 10.14;
				MTL_ENABLE_DEBUG_INFO = NO;
				MTL_FAST_MATH = YES;
				SDKROOT = macosx;
			};
			name = Release;
		};
		490708BF21AF020B00C27C38 /* Debug */ = {
			isa = XCBuildConfiguration;
			buildSettings = {
				ALWAYS_SEARCH_USER_PATHS = YES;
				CODE_SIGN_STYLE = Automatic;
				GCC_WARN_ABOUT_DEPRECATED_FUNCTIONS = NO;
				"HEADER_SEARCH_PATHS[arch=*]" = (
					/opt/local/include,
					/usr/local/include/boost/,
					/usr/local/Cellar/boost/1.67.0_1/include/,
				);
				"LIBRARY_SEARCH_PATHS[arch=*]" = (
					/opt/local/lib,
					/usr/local/lib/,
				);
				PRODUCT_NAME = "$(TARGET_NAME)";
				"REZ_SEARCH_PATHS[sdk=*]" = /usr/local/include;
				SYSTEM_HEADER_SEARCH_PATHS = /usr/local/include/boost;
				"USER_HEADER_SEARCH_PATHS[arch=*]" = /usr/local/include/boost;
			};
			name = Debug;
		};
		490708C021AF020B00C27C38 /* Release */ = {
			isa = XCBuildConfiguration;
			buildSettings = {
				ALWAYS_SEARCH_USER_PATHS = YES;
				CODE_SIGN_STYLE = Automatic;
				GCC_WARN_ABOUT_DEPRECATED_FUNCTIONS = NO;
				"HEADER_SEARCH_PATHS[arch=*]" = (
					/opt/local/include,
					/usr/local/include/boost/,
					/usr/local/Cellar/boost/1.67.0_1/include/,
				);
				"LIBRARY_SEARCH_PATHS[arch=*]" = (
					/opt/local/lib,
					/usr/local/lib/,
				);
				PRODUCT_NAME = "$(TARGET_NAME)";
				"REZ_SEARCH_PATHS[sdk=*]" = /usr/local/include/boost;
				SYSTEM_HEADER_SEARCH_PATHS = /usr/local/include/boost;
				"USER_HEADER_SEARCH_PATHS[arch=*]" = /usr/local/include/boost;
			};
			name = Release;
		};
/* End XCBuildConfiguration section */

/* Begin XCConfigurationList section */
		490708B221AF020A00C27C38 /* Build configuration list for PBXProject "GMU-XVEC" */ = {
			isa = XCConfigurationList;
			buildConfigurations = (
				490708BC21AF020B00C27C38 /* Debug */,
				490708BD21AF020B00C27C38 /* Release */,
			);
			defaultConfigurationIsVisible = 0;
			defaultConfigurationName = Release;
		};
		490708BE21AF020B00C27C38 /* Build configuration list for PBXNativeTarget "GMU-XVEC" */ = {
			isa = XCConfigurationList;
			buildConfigurations = (
				490708BF21AF020B00C27C38 /* Debug */,
				490708C021AF020B00C27C38 /* Release */,
			);
			defaultConfigurationIsVisible = 0;
			defaultConfigurationName = Release;
		};
/* End XCConfigurationList section */
	};
	rootObject = 490708AF21AF020A00C27C38 /* Project object */;
}
